
Microsoft Visual Studio Solution File, Format Version 12.00
# Visual Studio Version 16
VisualStudioVersion = 16.0.30011.22
MinimumVisualStudioVersion = 10.0.40219.1
Project("{2150E333-8FDC-42A3-9474-1A3956D46DE8}") = "Solution Items", "Solution Items", "{8D6F2586-174A-4345-9CCF-2F52BAFA9828}"
	ProjectSection(SolutionItems) = preProject
		ReadMe.md = ReadMe.md
	EndProjectSection
EndProject
Project("{FAE04EC0-301F-11D3-BF4B-00C04F79EFBC}") = "Calc.ViewModels.Test", "Calc.ViewModels.Test\Calc.ViewModels.Test.csproj", "{398D4C95-8A7A-4222-BB44-C1C07CF8C58F}"
EndProject
Project("{FAE04EC0-301F-11D3-BF4B-00C04F79EFBC}") = "Calc.ViewModels", "Calc.ViewModels\Calc.ViewModels.csproj", "{C26BD4D5-D17D-4A96-A729-D413EBE0ACCE}"
EndProject
Project("{FAE04EC0-301F-11D3-BF4B-00C04F79EFBC}") = "Calc.Views", "Calc.Views\Calc.Views.csproj", "{725D716B-86C0-4C01-95D7-A9424AC64CD0}"
EndProject
Global
	GlobalSection(SolutionConfigurationPlatforms) = preSolution
		Debug|Any CPU = Debug|Any CPU
		Release|Any CPU = Release|Any CPU
	EndGlobalSection
	GlobalSection(ProjectConfigurationPlatforms) = postSolution
		{398D4C95-8A7A-4222-BB44-C1C07CF8C58F}.Debug|Any CPU.ActiveCfg = Debug|Any CPU
		{398D4C95-8A7A-4222-BB44-C1C07CF8C58F}.Debug|Any CPU.Build.0 = Debug|Any CPU
		{398D4C95-8A7A-4222-BB44-C1C07CF8C58F}.Release|Any CPU.ActiveCfg = Release|Any CPU
		{398D4C95-8A7A-4222-BB44-C1C07CF8C58F}.Release|Any CPU.Build.0 = Release|Any CPU
		{C26BD4D5-D17D-4A96-A729-D413EBE0ACCE}.Debug|Any CPU.ActiveCfg = Debug|Any CPU
		{C26BD4D5-D17D-4A96-A729-D413EBE0ACCE}.Debug|Any CPU.Build.0 = Debug|Any CPU
		{C26BD4D5-D17D-4A96-A729-D413EBE0ACCE}.Release|Any CPU.ActiveCfg = Release|Any CPU
		{C26BD4D5-D17D-4A96-A729-D413EBE0ACCE}.Release|Any CPU.Build.0 = Release|Any CPU
		{725D716B-86C0-4C01-95D7-A9424AC64CD0}.Debug|Any CPU.ActiveCfg = Debug|Any CPU
		{725D716B-86C0-4C01-95D7-A9424AC64CD0}.Debug|Any CPU.Build.0 = Debug|Any CPU
		{725D716B-86C0-4C01-95D7-A9424AC64CD0}.Release|Any CPU.ActiveCfg = Release|Any CPU
		{725D716B-86C0-4C01-95D7-A9424AC64CD0}.Release|Any CPU.Build.0 = Release|Any CPU
	EndGlobalSection
	GlobalSection(SolutionProperties) = preSolution
		HideSolutionNode = FALSE
	EndGlobalSection
	GlobalSection(ExtensibilityGlobals) = postSolution
		SolutionGuid = {0A44C943-FFA4-49B9-B481-3D95CD8A3FCC}
	EndGlobalSection
EndGlobal
